// !$*UTF8*$!
{
	archiveVersion = 1;
	classes = {
	};
	objectVersion = 56;
	objects = {

/* Begin PBXBuildFile section */
		E99A994129F7DF560067472F /* AppDelegate.swift in Sources */ = {isa = PBXBuildFile; fileRef = E99A994029F7DF560067472F /* AppDelegate.swift */; };
		E99A994329F7DF560067472F /* SceneDelegate.swift in Sources */ = {isa = PBXBuildFile; fileRef = E99A994229F7DF560067472F /* SceneDelegate.swift */; };
		E99A994529F7DF560067472F /* ViewController.swift in Sources */ = {isa = PBXBuildFile; fileRef = E99A994429F7DF560067472F /* ViewController.swift */; };
		E99A994829F7DF560067472F /* Main.storyboard in Resources */ = {isa = PBXBuildFile; fileRef = E99A994629F7DF560067472F /* Main.storyboard */; };
		E99A994B29F7DF560067472F /* Bounnd_Sports.xcdatamodeld in Sources */ = {isa = PBXBuildFile; fileRef = E99A994929F7DF560067472F /* Bounnd_Sports.xcdatamodeld */; };
		E99A994D29F7DF570067472F /* Assets.xcassets in Resources */ = {isa = PBXBuildFile; fileRef = E99A994C29F7DF570067472F /* Assets.xcassets */; };
		E99A995029F7DF570067472F /* LaunchScreen.storyboard in Resources */ = {isa = PBXBuildFile; fileRef = E99A994E29F7DF570067472F /* LaunchScreen.storyboard */; };
		E99A995B29F7DF570067472F /* Bounnd_SportsTests.swift in Sources */ = {isa = PBXBuildFile; fileRef = E99A995A29F7DF570067472F /* Bounnd_SportsTests.swift */; };
		E99A996529F7DF570067472F /* Bounnd_SportsUITests.swift in Sources */ = {isa = PBXBuildFile; fileRef = E99A996429F7DF570067472F /* Bounnd_SportsUITests.swift */; };
		E99A996729F7DF570067472F /* Bounnd_SportsUITestsLaunchTests.swift in Sources */ = {isa = PBXBuildFile; fileRef = E99A996629F7DF570067472F /* Bounnd_SportsUITestsLaunchTests.swift */; };
/* End PBXBuildFile section */

/* Begin PBXContainerItemProxy section */
		E99A995729F7DF570067472F /* PBXContainerItemProxy */ = {
			isa = PBXContainerItemProxy;
			containerPortal = E99A993529F7DF560067472F /* Project object */;
			proxyType = 1;
			remoteGlobalIDString = E99A993C29F7DF560067472F;
			remoteInfo = "Bounnd Sports";
		};
		E99A996129F7DF570067472F /* PBXContainerItemProxy */ = {
			isa = PBXContainerItemProxy;
			containerPortal = E99A993529F7DF560067472F /* Project object */;
			proxyType = 1;
			remoteGlobalIDString = E99A993C29F7DF560067472F;
			remoteInfo = "Bounnd Sports";
		};
/* End PBXContainerItemProxy section */

/* Begin PBXFileReference section */
		E99A993D29F7DF560067472F /* Bounnd Sports.app */ = {isa = PBXFileReference; explicitFileType = wrapper.application; includeInIndex = 0; path = "Bounnd Sports.app"; sourceTree = BUILT_PRODUCTS_DIR; };
		E99A994029F7DF560067472F /* AppDelegate.swift */ = {isa = PBXFileReference; lastKnownFileType = sourcecode.swift; path = AppDelegate.swift; sourceTree = "<group>"; };
		E99A994229F7DF560067472F /* SceneDelegate.swift */ = {isa = PBXFileReference; lastKnownFileType = sourcecode.swift; path = SceneDelegate.swift; sourceTree = "<group>"; };
		E99A994429F7DF560067472F /* ViewController.swift */ = {isa = PBXFileReference; lastKnownFileType = sourcecode.swift; path = ViewController.swift; sourceTree = "<group>"; };
		E99A994729F7DF560067472F /* Base */ = {isa = PBXFileReference; lastKnownFileType = file.storyboard; name = Base; path = Base.lproj/Main.storyboard; sourceTree = "<group>"; };
		E99A994A29F7DF560067472F /* Bounnd_Sports.xcdatamodel */ = {isa = PBXFileReference; lastKnownFileType = wrapper.xcdatamodel; path = Bounnd_Sports.xcdatamodel; sourceTree = "<group>"; };
		E99A994C29F7DF570067472F /* Assets.xcassets */ = {isa = PBXFileReference; lastKnownFileType = folder.assetcatalog; path = Assets.xcassets; sourceTree = "<group>"; };
		E99A994F29F7DF570067472F /* Base */ = {isa = PBXFileReference; lastKnownFileType = file.storyboard; name = Base; path = Base.lproj/LaunchScreen.storyboard; sourceTree = "<group>"; };
		E99A995129F7DF570067472F /* Info.plist */ = {isa = PBXFileReference; lastKnownFileType = text.plist.xml; path = Info.plist; sourceTree = "<group>"; };
		E99A995629F7DF570067472F /* Bounnd SportsTests.xctest */ = {isa = PBXFileReference; explicitFileType = wrapper.cfbundle; includeInIndex = 0; path = "Bounnd SportsTests.xctest"; sourceTree = BUILT_PRODUCTS_DIR; };
		E99A995A29F7DF570067472F /* Bounnd_SportsTests.swift */ = {isa = PBXFileReference; lastKnownFileType = sourcecode.swift; path = Bounnd_SportsTests.swift; sourceTree = "<group>"; };
		E99A996029F7DF570067472F /* Bounnd SportsUITests.xctest */ = {isa = PBXFileReference; explicitFileType = wrapper.cfbundle; includeInIndex = 0; path = "Bounnd SportsUITests.xctest"; sourceTree = BUILT_PRODUCTS_DIR; };
		E99A996429F7DF570067472F /* Bounnd_SportsUITests.swift */ = {isa = PBXFileReference; lastKnownFileType = sourcecode.swift; path = Bounnd_SportsUITests.swift; sourceTree = "<group>"; };
		E99A996629F7DF570067472F /* Bounnd_SportsUITestsLaunchTests.swift */ = {isa = PBXFileReference; lastKnownFileType = sourcecode.swift; path = Bounnd_SportsUITestsLaunchTests.swift; sourceTree = "<group>"; };
/* End PBXFileReference section */

/* Begin PBXFrameworksBuildPhase section */
		E99A993A29F7DF560067472F /* Frameworks */ = {
			isa = PBXFrameworksBuildPhase;
			buildActionMask = 2147483647;
			files = (
			);
			runOnlyForDeploymentPostprocessing = 0;
		};
		E99A995329F7DF570067472F /* Frameworks */ = {
			isa = PBXFrameworksBuildPhase;
			buildActionMask = 2147483647;
			files = (
			);
			runOnlyForDeploymentPostprocessing = 0;
		};
		E99A995D29F7DF570067472F /* Frameworks */ = {
			isa = PBXFrameworksBuildPhase;
			buildActionMask = 2147483647;
			files = (
			);
			runOnlyForDeploymentPostprocessing = 0;
		};
/* End PBXFrameworksBuildPhase section */

/* Begin PBXGroup section */
		E99A993429F7DF560067472F = {
			isa = PBXGroup;
			children = (
				E99A993F29F7DF560067472F /* Bounnd Sports */,
				E99A995929F7DF570067472F /* Bounnd SportsTests */,
				E99A996329F7DF570067472F /* Bounnd SportsUITests */,
				E99A993E29F7DF560067472F /* Products */,
			);
			sourceTree = "<group>";
		};
		E99A993E29F7DF560067472F /* Products */ = {
			isa = PBXGroup;
			children = (
				E99A993D29F7DF560067472F /* Bounnd Sports.app */,
				E99A995629F7DF570067472F /* Bounnd SportsTests.xctest */,
				E99A996029F7DF570067472F /* Bounnd SportsUITests.xctest */,
			);
			name = Products;
			sourceTree = "<group>";
		};
		E99A993F29F7DF560067472F /* Bounnd Sports */ = {
			isa = PBXGroup;
			children = (
				E99A994029F7DF560067472F /* AppDelegate.swift */,
				E99A994229F7DF560067472F /* SceneDelegate.swift */,
				E99A994429F7DF560067472F /* ViewController.swift */,
				E99A994629F7DF560067472F /* Main.storyboard */,
				E99A994C29F7DF570067472F /* Assets.xcassets */,
				E99A994E29F7DF570067472F /* LaunchScreen.storyboard */,
				E99A995129F7DF570067472F /* Info.plist */,
				E99A994929F7DF560067472F /* Bounnd_Sports.xcdatamodeld */,
			);
			path = "Bounnd Sports";
			sourceTree = "<group>";
		};
		E99A995929F7DF570067472F /* Bounnd SportsTests */ = {
			isa = PBXGroup;
			children = (
				E99A995A29F7DF570067472F /* Bounnd_SportsTests.swift */,
			);
			path = "Bounnd SportsTests";
			sourceTree = "<group>";
		};
		E99A996329F7DF570067472F /* Bounnd SportsUITests */ = {
			isa = PBXGroup;
			children = (
				E99A996429F7DF570067472F /* Bounnd_SportsUITests.swift */,
				E99A996629F7DF570067472F /* Bounnd_SportsUITestsLaunchTests.swift */,
			);
			path = "Bounnd SportsUITests";
			sourceTree = "<group>";
		};
/* End PBXGroup section */

/* Begin PBXNativeTarget section */
		E99A993C29F7DF560067472F /* Bounnd Sports */ = {
			isa = PBXNativeTarget;
			buildConfigurationList = E99A996A29F7DF570067472F /* Build configuration list for PBXNativeTarget "Bounnd Sports" */;
			buildPhases = (
				E99A993929F7DF560067472F /* Sources */,
				E99A993A29F7DF560067472F /* Frameworks */,
				E99A993B29F7DF560067472F /* Resources */,
			);
			buildRules = (
			);
			dependencies = (
			);
			name = "Bounnd Sports";
			productName = "Bounnd Sports";
			productReference = E99A993D29F7DF560067472F /* Bounnd Sports.app */;
			productType = "com.apple.product-type.application";
		};
		E99A995529F7DF570067472F /* Bounnd SportsTests */ = {
			isa = PBXNativeTarget;
			buildConfigurationList = E99A996D29F7DF570067472F /* Build configuration list for PBXNativeTarget "Bounnd SportsTests" */;
			buildPhases = (
				E99A995229F7DF570067472F /* Sources */,
				E99A995329F7DF570067472F /* Frameworks */,
				E99A995429F7DF570067472F /* Resources */,
			);
			buildRules = (
			);
			dependencies = (
				E99A995829F7DF570067472F /* PBXTargetDependency */,
			);
			name = "Bounnd SportsTests";
			productName = "Bounnd SportsTests";
			productReference = E99A995629F7DF570067472F /* Bounnd SportsTests.xctest */;
			productType = "com.apple.product-type.bundle.unit-test";
		};
		E99A995F29F7DF570067472F /* Bounnd SportsUITests */ = {
			isa = PBXNativeTarget;
			buildConfigurationList = E99A997029F7DF570067472F /* Build configuration list for PBXNativeTarget "Bounnd SportsUITests" */;
			buildPhases = (
				E99A995C29F7DF570067472F /* Sources */,
				E99A995D29F7DF570067472F /* Frameworks */,
				E99A995E29F7DF570067472F /* Resources */,
			);
			buildRules = (
			);
			dependencies = (
				E99A996229F7DF570067472F /* PBXTargetDependency */,
			);
			name = "Bounnd SportsUITests";
			productName = "Bounnd SportsUITests";
			productReference = E99A996029F7DF570067472F /* Bounnd SportsUITests.xctest */;
			productType = "com.apple.product-type.bundle.ui-testing";
		};
/* End PBXNativeTarget section */

/* Begin PBXProject section */
		E99A993529F7DF560067472F /* Project object */ = {
			isa = PBXProject;
			attributes = {
				BuildIndependentTargetsInParallel = 1;
				LastSwiftUpdateCheck = 1420;
				LastUpgradeCheck = 1420;
				TargetAttributes = {
					E99A993C29F7DF560067472F = {
						CreatedOnToolsVersion = 14.2;
					};
					E99A995529F7DF570067472F = {
						CreatedOnToolsVersion = 14.2;
						TestTargetID = E99A993C29F7DF560067472F;
					};
					E99A995F29F7DF570067472F = {
						CreatedOnToolsVersion = 14.2;
						TestTargetID = E99A993C29F7DF560067472F;
					};
				};
			};
			buildConfigurationList = E99A993829F7DF560067472F /* Build configuration list for PBXProject "Bounnd Sports" */;
			compatibilityVersion = "Xcode 14.0";
			developmentRegion = en;
			hasScannedForEncodings = 0;
			knownRegions = (
				en,
				Base,
			);
			mainGroup = E99A993429F7DF560067472F;
			productRefGroup = E99A993E29F7DF560067472F /* Products */;
			projectDirPath = "";
			projectRoot = "";
			targets = (
				E99A993C29F7DF560067472F /* Bounnd Sports */,
				E99A995529F7DF570067472F /* Bounnd SportsTests */,
				E99A995F29F7DF570067472F /* Bounnd SportsUITests */,
			);
		};
/* End PBXProject section */

/* Begin PBXResourcesBuildPhase section */
		E99A993B29F7DF560067472F /* Resources */ = {
			isa = PBXResourcesBuildPhase;
			buildActionMask = 2147483647;
			files = (
				E99A995029F7DF570067472F /* LaunchScreen.storyboard in Resources */,
				E99A994D29F7DF570067472F /* Assets.xcassets in Resources */,
				E99A994829F7DF560067472F /* Main.storyboard in Resources */,
			);
			runOnlyForDeploymentPostprocessing = 0;
		};
		E99A995429F7DF570067472F /* Resources */ = {
			isa = PBXResourcesBuildPhase;
			buildActionMask = 2147483647;
			files = (
			);
			runOnlyForDeploymentPostprocessing = 0;
		};
		E99A995E29F7DF570067472F /* Resources */ = {
			isa = PBXResourcesBuildPhase;
			buildActionMask = 2147483647;
			files = (
			);
			runOnlyForDeploymentPostprocessing = 0;
		};
/* End PBXResourcesBuildPhase section */

/* Begin PBXSourcesBuildPhase section */
		E99A993929F7DF560067472F /* Sources */ = {
			isa = PBXSourcesBuildPhase;
			buildActionMask = 2147483647;
			files = (
				E99A994529F7DF560067472F /* ViewController.swift in Sources */,
				E99A994129F7DF560067472F /* AppDelegate.swift in Sources */,
				E99A994B29F7DF560067472F /* Bounnd_Sports.xcdatamodeld in Sources */,
				E99A994329F7DF560067472F /* SceneDelegate.swift in Sources */,
			);
			runOnlyForDeploymentPostprocessing = 0;
		};
		E99A995229F7DF570067472F /* Sources */ = {
			isa = PBXSourcesBuildPhase;
			buildActionMask = 2147483647;
			files = (
				E99A995B29F7DF570067472F /* Bounnd_SportsTests.swift in Sources */,
			);
			runOnlyForDeploymentPostprocessing = 0;
		};
		E99A995C29F7DF570067472F /* Sources */ = {
			isa = PBXSourcesBuildPhase;
			buildActionMask = 2147483647;
			files = (
				E99A996529F7DF570067472F /* Bounnd_SportsUITests.swift in Sources */,
				E99A996729F7DF570067472F /* Bounnd_SportsUITestsLaunchTests.swift in Sources */,
			);
			runOnlyForDeploymentPostprocessing = 0;
		};
/* End PBXSourcesBuildPhase section */

/* Begin PBXTargetDependency section */
		E99A995829F7DF570067472F /* PBXTargetDependency */ = {
			isa = PBXTargetDependency;
			target = E99A993C29F7DF560067472F /* Bounnd Sports */;
			targetProxy = E99A995729F7DF570067472F /* PBXContainerItemProxy */;
		};
		E99A996229F7DF570067472F /* PBXTargetDependency */ = {
			isa = PBXTargetDependency;
			target = E99A993C29F7DF560067472F /* Bounnd Sports */;
			targetProxy = E99A996129F7DF570067472F /* PBXContainerItemProxy */;
		};
/* End PBXTargetDependency section */

/* Begin PBXVariantGroup section */
		E99A994629F7DF560067472F /* Main.storyboard */ = {
			isa = PBXVariantGroup;
			children = (
				E99A994729F7DF560067472F /* Base */,
			);
			name = Main.storyboard;
			sourceTree = "<group>";
		};
		E99A994E29F7DF570067472F /* LaunchScreen.storyboard */ = {
			isa = PBXVariantGroup;
			children = (
				E99A994F29F7DF570067472F /* Base */,
			);
			name = LaunchScreen.storyboard;
			sourceTree = "<group>";
		};
/* End PBXVariantGroup section */

/* Begin XCBuildConfiguration section */
		E99A996829F7DF570067472F /* Debug */ = {
			isa = XCBuildConfiguration;
			buildSettings = {
				ALWAYS_SEARCH_USER_PATHS = NO;
				CLANG_ANALYZER_NONNULL = YES;
				CLANG_ANALYZER_NUMBER_OBJECT_CONVERSION = YES_AGGRESSIVE;
				CLANG_CXX_LANGUAGE_STANDARD = "gnu++20";
				CLANG_ENABLE_MODULES = YES;
				CLANG_ENABLE_OBJC_ARC = YES;
				CLANG_ENABLE_OBJC_WEAK = YES;
				CLANG_WARN_BLOCK_CAPTURE_AUTORELEASING = YES;
				CLANG_WARN_BOOL_CONVERSION = YES;
				CLANG_WARN_COMMA = YES;
				CLANG_WARN_CONSTANT_CONVERSION = YES;
				CLANG_WARN_DEPRECATED_OBJC_IMPLEMENTATIONS = YES;
				CLANG_WARN_DIRECT_OBJC_ISA_USAGE = YES_ERROR;
				CLANG_WARN_DOCUMENTATION_COMMENTS = YES;
				CLANG_WARN_EMPTY_BODY = YES;
				CLANG_WARN_ENUM_CONVERSION = YES;
				CLANG_WARN_INFINITE_RECURSION = YES;
				CLANG_WARN_INT_CONVERSION = YES;
				CLANG_WARN_NON_LITERAL_NULL_CONVERSION = YES;
				CLANG_WARN_OBJC_IMPLICIT_RETAIN_SELF = YES;
				CLANG_WARN_OBJC_LITERAL_CONVERSION = YES;
				CLANG_WARN_OBJC_ROOT_CLASS = YES_ERROR;
				CLANG_WARN_QUOTED_INCLUDE_IN_FRAMEWORK_HEADER = YES;
				CLANG_WARN_RANGE_LOOP_ANALYSIS = YES;
				CLANG_WARN_STRICT_PROTOTYPES = YES;
				CLANG_WARN_SUSPICIOUS_MOVE = YES;
				CLANG_WARN_UNGUARDED_AVAILABILITY = YES_AGGRESSIVE;
				CLANG_WARN_UNREACHABLE_CODE = YES;
				CLANG_WARN__DUPLICATE_METHOD_MATCH = YES;
				COPY_PHASE_STRIP = NO;
				DEBUG_INFORMATION_FORMAT = dwarf;
				ENABLE_STRICT_OBJC_MSGSEND = YES;
				ENABLE_TESTABILITY = YES;
				GCC_C_LANGUAGE_STANDARD = gnu11;
				GCC_DYNAMIC_NO_PIC = NO;
				GCC_NO_COMMON_BLOCKS = YES;
				GCC_OPTIMIZATION_LEVEL = 0;
				GCC_PREPROCESSOR_DEFINITIONS = (
					"DEBUG=1",
					"$(inherited)",
				);
				GCC_WARN_64_TO_32_BIT_CONVERSION = YES;
				GCC_WARN_ABOUT_RETURN_TYPE = YES_ERROR;
				GCC_WARN_UNDECLARED_SELECTOR = YES;
				GCC_WARN_UNINITIALIZED_AUTOS = YES_AGGRESSIVE;
				GCC_WARN_UNUSED_FUNCTION = YES;
				GCC_WARN_UNUSED_VARIABLE = YES;
				IPHONEOS_DEPLOYMENT_TARGET = 16.2;
				MTL_ENABLE_DEBUG_INFO = INCLUDE_SOURCE;
				MTL_FAST_MATH = YES;
				ONLY_ACTIVE_ARCH = YES;
				SDKROOT = iphoneos;
				SWIFT_ACTIVE_COMPILATION_CONDITIONS = DEBUG;
				SWIFT_OPTIMIZATION_LEVEL = "-Onone";
			};
			name = Debug;
		};
		E99A996929F7DF570067472F /* Release */ = {
			isa = XCBuildConfiguration;
			buildSettings = {
				ALWAYS_SEARCH_USER_PATHS = NO;
				CLANG_ANALYZER_NONNULL = YES;
				CLANG_ANALYZER_NUMBER_OBJECT_CONVERSION = YES_AGGRESSIVE;
				CLANG_CXX_LANGUAGE_STANDARD = "gnu++20";
				CLANG_ENABLE_MODULES = YES;
				CLANG_ENABLE_OBJC_ARC = YES;
				CLANG_ENABLE_OBJC_WEAK = YES;
				CLANG_WARN_BLOCK_CAPTURE_AUTORELEASING = YES;
				CLANG_WARN_BOOL_CONVERSION = YES;
				CLANG_WARN_COMMA = YES;
				CLANG_WARN_CONSTANT_CONVERSION = YES;
				CLANG_WARN_DEPRECATED_OBJC_IMPLEMENTATIONS = YES;
				CLANG_WARN_DIRECT_OBJC_ISA_USAGE = YES_ERROR;
				CLANG_WARN_DOCUMENTATION_COMMENTS = YES;
				CLANG_WARN_EMPTY_BODY = YES;
				CLANG_WARN_ENUM_CONVERSION = YES;
				CLANG_WARN_INFINITE_RECURSION = YES;
				CLANG_WARN_INT_CONVERSION = YES;
				CLANG_WARN_NON_LITERAL_NULL_CONVERSION = YES;
				CLANG_WARN_OBJC_IMPLICIT_RETAIN_SELF = YES;
				CLANG_WARN_OBJC_LITERAL_CONVERSION = YES;
				CLANG_WARN_OBJC_ROOT_CLASS = YES_ERROR;
				CLANG_WARN_QUOTED_INCLUDE_IN_FRAMEWORK_HEADER = YES;
				CLANG_WARN_RANGE_LOOP_ANALYSIS = YES;
				CLANG_WARN_STRICT_PROTOTYPES = YES;
				CLANG_WARN_SUSPICIOUS_MOVE = YES;
				CLANG_WARN_UNGUARDED_AVAILABILITY = YES_AGGRESSIVE;
				CLANG_WARN_UNREACHABLE_CODE = YES;
				CLANG_WARN__DUPLICATE_METHOD_MATCH = YES;
				COPY_PHASE_STRIP = NO;
				DEBUG_INFORMATION_FORMAT = "dwarf-with-dsym";
				ENABLE_NS_ASSERTIONS = NO;
				ENABLE_STRICT_OBJC_MSGSEND = YES;
				GCC_C_LANGUAGE_STANDARD = gnu11;
				GCC_NO_COMMON_BLOCKS = YES;
				GCC_WARN_64_TO_32_BIT_CONVERSION = YES;
				GCC_WARN_ABOUT_RETURN_TYPE = YES_ERROR;
				GCC_WARN_UNDECLARED_SELECTOR = YES;
				GCC_WARN_UNINITIALIZED_AUTOS = YES_AGGRESSIVE;
				GCC_WARN_UNUSED_FUNCTION = YES;
				GCC_WARN_UNUSED_VARIABLE = YES;
				IPHONEOS_DEPLOYMENT_TARGET = 16.2;
				MTL_ENABLE_DEBUG_INFO = NO;
				MTL_FAST_MATH = YES;
				SDKROOT = iphoneos;
				SWIFT_COMPILATION_MODE = wholemodule;
				SWIFT_OPTIMIZATION_LEVEL = "-O";
				VALIDATE_PRODUCT = YES;
			};
			name = Release;
		};
		E99A996B29F7DF570067472F /* Debug */ = {
			isa = XCBuildConfiguration;
			buildSettings = {
				ASSETCATALOG_COMPILER_APPICON_NAME = AppIcon;
				ASSETCATALOG_COMPILER_GLOBAL_ACCENT_COLOR_NAME = AccentColor;
				CODE_SIGN_STYLE = Automatic;
				CURRENT_PROJECT_VERSION = 1;
				DEVELOPMENT_TEAM = GST3AB35D8;
				GENERATE_INFOPLIST_FILE = YES;
				INFOPLIST_FILE = "Bounnd Sports/Info.plist";
				INFOPLIST_KEY_UIApplicationSupportsIndirectInputEvents = YES;
				INFOPLIST_KEY_UILaunchStoryboardName = LaunchScreen;
				INFOPLIST_KEY_UIMainStoryboardFile = Main;
				INFOPLIST_KEY_UISupportedInterfaceOrientations_iPad = "UIInterfaceOrientationPortrait UIInterfaceOrientationPortraitUpsideDown UIInterfaceOrientationLandscapeLeft UIInterfaceOrientationLandscapeRight";
				INFOPLIST_KEY_UISupportedInterfaceOrientations_iPhone = "UIInterfaceOrientationPortrait UIInterfaceOrientationLandscapeLeft UIInterfaceOrientationLandscapeRight";
				LD_RUNPATH_SEARCH_PATHS = (
					"$(inherited)",
					"@executable_path/Frameworks",
				);
				MARKETING_VERSION = 1.0;
				PRODUCT_BUNDLE_IDENTIFIER = "com.bound.score.sports.Bounnd-Sports";
				PRODUCT_NAME = "$(TARGET_NAME)";
				SWIFT_EMIT_LOC_STRINGS = YES;
				SWIFT_VERSION = 5.0;
				TARGETED_DEVICE_FAMILY = "1,2";
			};
			name = Debug;
		};
		E99A996C29F7DF570067472F /* Release */ = {
			isa = XCBuildConfiguration;
			buildSettings = {
				ASSETCATALOG_COMPILER_APPICON_NAME = AppIcon;
				ASSETCATALOG_COMPILER_GLOBAL_ACCENT_COLOR_NAME = AccentColor;
				CODE_SIGN_STYLE = Automatic;
				CURRENT_PROJECT_VERSION = 1;
				DEVELOPMENT_TEAM = GST3AB35D8;
				GENERATE_INFOPLIST_FILE = YES;
				INFOPLIST_FILE = "Bounnd Sports/Info.plist";
				INFOPLIST_KEY_UIApplicationSupportsIndirectInputEvents = YES;
				INFOPLIST_KEY_UILaunchStoryboardName = LaunchScreen;
				INFOPLIST_KEY_UIMainStoryboardFile = Main;
				INFOPLIST_KEY_UISupportedInterfaceOrientations_iPad = "UIInterfaceOrientationPortrait UIInterfaceOrientationPortraitUpsideDown UIInterfaceOrientationLandscapeLeft UIInterfaceOrientationLandscapeRight";
				INFOPLIST_KEY_UISupportedInterfaceOrientations_iPhone = "UIInterfaceOrientationPortrait UIInterfaceOrientationLandscapeLeft UIInterfaceOrientationLandscapeRight";
				LD_RUNPATH_SEARCH_PATHS = (
					"$(inherited)",
					"@executable_path/Frameworks",
				);
				MARKETING_VERSION = 1.0;
				PRODUCT_BUNDLE_IDENTIFIER = "com.bound.score.sports.Bounnd-Sports";
				PRODUCT_NAME = "$(TARGET_NAME)";
				SWIFT_EMIT_LOC_STRINGS = YES;
				SWIFT_VERSION = 5.0;
				TARGETED_DEVICE_FAMILY = "1,2";
			};
			name = Release;
		};
		E99A996E29F7DF570067472F /* Debug */ = {
			isa = XCBuildConfiguration;
			buildSettings = {
				ALWAYS_EMBED_SWIFT_STANDARD_LIBRARIES = YES;
				BUNDLE_LOADER = "$(TEST_HOST)";
				CODE_SIGN_STYLE = Automatic;
				CURRENT_PROJECT_VERSION = 1;
				DEVELOPMENT_TEAM = GST3AB35D8;
				GENERATE_INFOPLIST_FILE = YES;
				IPHONEOS_DEPLOYMENT_TARGET = 16.2;
				MARKETING_VERSION = 1.0;
				PRODUCT_BUNDLE_IDENTIFIER = "com.bound.score.sports.Bounnd-SportsTests";
				PRODUCT_NAME = "$(TARGET_NAME)";
				SWIFT_EMIT_LOC_STRINGS = NO;
				SWIFT_VERSION = 5.0;
				TARGETED_DEVICE_FAMILY = "1,2";
				TEST_HOST = "$(BUILT_PRODUCTS_DIR)/Bounnd Sports.app/$(BUNDLE_EXECUTABLE_FOLDER_PATH)/Bounnd Sports";
			};
			name = Debug;
		};
		E99A996F29F7DF570067472F /* Release */ = {
			isa = XCBuildConfiguration;
			buildSettings = {
				ALWAYS_EMBED_SWIFT_STANDARD_LIBRARIES = YES;
				BUNDLE_LOADER = "$(TEST_HOST)";
				CODE_SIGN_STYLE = Automatic;
				CURRENT_PROJECT_VERSION = 1;
				DEVELOPMENT_TEAM = GST3AB35D8;
				GENERATE_INFOPLIST_FILE = YES;
				IPHONEOS_DEPLOYMENT_TARGET = 16.2;
				MARKETING_VERSION = 1.0;
				PRODUCT_BUNDLE_IDENTIFIER = "com.bound.score.sports.Bounnd-SportsTests";
				PRODUCT_NAME = "$(TARGET_NAME)";
				SWIFT_EMIT_LOC_STRINGS = NO;
				SWIFT_VERSION = 5.0;
				TARGETED_DEVICE_FAMILY = "1,2";
				TEST_HOST = "$(BUILT_PRODUCTS_DIR)/Bounnd Sports.app/$(BUNDLE_EXECUTABLE_FOLDER_PATH)/Bounnd Sports";
			};
			name = Release;
		};
		E99A997129F7DF570067472F /* Debug */ = {
			isa = XCBuildConfiguration;
			buildSettings = {
				ALWAYS_EMBED_SWIFT_STANDARD_LIBRARIES = YES;
				CODE_SIGN_STYLE = Automatic;
				CURRENT_PROJECT_VERSION = 1;
				DEVELOPMENT_TEAM = GST3AB35D8;
				GENERATE_INFOPLIST_FILE = YES;
				MARKETING_VERSION = 1.0;
				PRODUCT_BUNDLE_IDENTIFIER = "com.bound.score.sports.Bounnd-SportsUITests";
				PRODUCT_NAME = "$(TARGET_NAME)";
				SWIFT_EMIT_LOC_STRINGS = NO;
				SWIFT_VERSION = 5.0;
				TARGETED_DEVICE_FAMILY = "1,2";
				TEST_TARGET_NAME = "Bounnd Sports";
			};
			name = Debug;
		};
		E99A997229F7DF570067472F /* Release */ = {
			isa = XCBuildConfiguration;
			buildSettings = {
				ALWAYS_EMBED_SWIFT_STANDARD_LIBRARIES = YES;
				CODE_SIGN_STYLE = Automatic;
				CURRENT_PROJECT_VERSION = 1;
				DEVELOPMENT_TEAM = GST3AB35D8;
				GENERATE_INFOPLIST_FILE = YES;
				MARKETING_VERSION = 1.0;
				PRODUCT_BUNDLE_IDENTIFIER = "com.bound.score.sports.Bounnd-SportsUITests";
				PRODUCT_NAME = "$(TARGET_NAME)";
				SWIFT_EMIT_LOC_STRINGS = NO;
				SWIFT_VERSION = 5.0;
				TARGETED_DEVICE_FAMILY = "1,2";
				TEST_TARGET_NAME = "Bounnd Sports";
			};
			name = Release;
		};
/* End XCBuildConfiguration section */

/* Begin XCConfigurationList section */
		E99A993829F7DF560067472F /* Build configuration list for PBXProject "Bounnd Sports" */ = {
			isa = XCConfigurationList;
			buildConfigurations = (
				E99A996829F7DF570067472F /* Debug */,
				E99A996929F7DF570067472F /* Release */,
			);
			defaultConfigurationIsVisible = 0;
			defaultConfigurationName = Release;
		};
		E99A996A29F7DF570067472F /* Build configuration list for PBXNativeTarget "Bounnd Sports" */ = {
			isa = XCConfigurationList;
			buildConfigurations = (
				E99A996B29F7DF570067472F /* Debug */,
				E99A996C29F7DF570067472F /* Release */,
			);
			defaultConfigurationIsVisible = 0;
			defaultConfigurationName = Release;
		};
		E99A996D29F7DF570067472F /* Build configuration list for PBXNativeTarget "Bounnd SportsTests" */ = {
			isa = XCConfigurationList;
			buildConfigurations = (
				E99A996E29F7DF570067472F /* Debug */,
				E99A996F29F7DF570067472F /* Release */,
			);
			defaultConfigurationIsVisible = 0;
			defaultConfigurationName = Release;
		};
		E99A997029F7DF570067472F /* Build configuration list for PBXNativeTarget "Bounnd SportsUITests" */ = {
			isa = XCConfigurationList;
			buildConfigurations = (
				E99A997129F7DF570067472F /* Debug */,
				E99A997229F7DF570067472F /* Release */,
			);
			defaultConfigurationIsVisible = 0;
			defaultConfigurationName = Release;
		};
/* End XCConfigurationList section */

/* Begin XCVersionGroup section */
		E99A994929F7DF560067472F /* Bounnd_Sports.xcdatamodeld */ = {
			isa = XCVersionGroup;
			children = (
				E99A994A29F7DF560067472F /* Bounnd_Sports.xcdatamodel */,
			);
			currentVersion = E99A994A29F7DF560067472F /* Bounnd_Sports.xcdatamodel */;
			path = Bounnd_Sports.xcdatamodeld;
			sourceTree = "<group>";
			versionGroupType = wrapper.xcdatamodel;
		};
/* End XCVersionGroup section */
	};
	rootObject = E99A993529F7DF560067472F /* Project object */;
}
